
Microsoft Visual Studio Solution File, Format Version 12.00
# Visual Studio Version 17
VisualStudioVersion = 17.11.35327.3
MinimumVisualStudioVersion = 10.0.40219.1
Project("{2150E333-8FDC-42A3-9474-1A3956D46DE8}") = "src", "src", "{B78B3272-13D6-4029-8FD9-7548FBC1827D}"
EndProject
Project("{2150E333-8FDC-42A3-9474-1A3956D46DE8}") = "tests", "tests", "{DE0DF6CF-6C37-4D34-8EF9-09A689F83B2B}"
EndProject
Project("{2150E333-8FDC-42A3-9474-1A3956D46DE8}") = "Backend", "Backend", "{59D04993-8F64-4F86-A4B3-DBA5C0DBAF76}"
EndProject
Project("{2150E333-8FDC-42A3-9474-1A3956D46DE8}") = "Shared", "Shared", "{AEAEC881-DC6C-436C-AFC2-A48B8DA17303}"
EndProject
Project("{FAE04EC0-301F-11D3-BF4B-00C04F79EFBC}") = "MyRecipeBook.API", "src\Backend\MyRecipeBook.API\MyRecipeBook.API.csproj", "{FDF534BC-3E7B-4C92-B065-02F25C3BC904}"
EndProject
Project("{FAE04EC0-301F-11D3-BF4B-00C04F79EFBC}") = "MyRecipeBook.Application", "src\Backend\MyRecipeBook.Application\MyRecipeBook.Application.csproj", "{206A6D59-9AA3-404A-98F5-346FBBC67068}"
EndProject
Project("{FAE04EC0-301F-11D3-BF4B-00C04F79EFBC}") = "MyRecipeBook.Domain", "src\Backend\MyRecipeBook.Domain\MyRecipeBook.Domain.csproj", "{0863AACA-18D7-43D4-A655-5C0450CA707F}"
EndProject
Project("{FAE04EC0-301F-11D3-BF4B-00C04F79EFBC}") = "MyRecipeBook.Infrastructure", "src\Backend\MyRecipeBook.Infrastructure\MyRecipeBook.Infrastructure.csproj", "{C73A89BE-E693-47DC-9C6F-3934967DBB45}"
EndProject
Project("{FAE04EC0-301F-11D3-BF4B-00C04F79EFBC}") = "MyRecipeBook.Communication", "src\Shared\MyRecipeBook.Communication\MyRecipeBook.Communication.csproj", "{DAF8A485-2171-4F37-BCB7-46E40F8B42BE}"
EndProject
Project("{FAE04EC0-301F-11D3-BF4B-00C04F79EFBC}") = "MyRecipeBook.Exception", "src\Shared\MyRecipeBook.Exception\MyRecipeBook.Exception.csproj", "{77B6D0CB-E434-4182-A3BD-8B0F1018ABEF}"
EndProject
Project("{FAE04EC0-301F-11D3-BF4B-00C04F79EFBC}") = "Validators.Test", "tests\Validators.Test\Validators.Test.csproj", "{0650F1E9-7D5E-4833-B163-EE972841AF50}"
EndProject
Project("{FAE04EC0-301F-11D3-BF4B-00C04F79EFBC}") = "CommomTestUtilities", "tests\CommomTestUtilities\CommomTestUtilities.csproj", "{A8EF16B9-B89C-47E3-84D9-606E1E1DE043}"
EndProject
Project("{FAE04EC0-301F-11D3-BF4B-00C04F79EFBC}") = "UseCases.Test", "tests\UseCases.Test\UseCases.Test.csproj", "{BE707682-37F9-401A-9E92-578F290DFE63}"
EndProject
Project("{FAE04EC0-301F-11D3-BF4B-00C04F79EFBC}") = "WebApi.Test", "tests\WebApi.Test\WebApi.Test.csproj", "{6D79692A-6C2E-4E01-9709-5ABA214716B5}"
EndProject
Global
	GlobalSection(SolutionConfigurationPlatforms) = preSolution
		Debug|Any CPU = Debug|Any CPU
		Release|Any CPU = Release|Any CPU
	EndGlobalSection
	GlobalSection(ProjectConfigurationPlatforms) = postSolution
		{FDF534BC-3E7B-4C92-B065-02F25C3BC904}.Debug|Any CPU.ActiveCfg = Debug|Any CPU
		{FDF534BC-3E7B-4C92-B065-02F25C3BC904}.Debug|Any CPU.Build.0 = Debug|Any CPU
		{FDF534BC-3E7B-4C92-B065-02F25C3BC904}.Release|Any CPU.ActiveCfg = Release|Any CPU
		{FDF534BC-3E7B-4C92-B065-02F25C3BC904}.Release|Any CPU.Build.0 = Release|Any CPU
		{206A6D59-9AA3-404A-98F5-346FBBC67068}.Debug|Any CPU.ActiveCfg = Debug|Any CPU
		{206A6D59-9AA3-404A-98F5-346FBBC67068}.Debug|Any CPU.Build.0 = Debug|Any CPU
		{206A6D59-9AA3-404A-98F5-346FBBC67068}.Release|Any CPU.ActiveCfg = Release|Any CPU
		{206A6D59-9AA3-404A-98F5-346FBBC67068}.Release|Any CPU.Build.0 = Release|Any CPU
		{0863AACA-18D7-43D4-A655-5C0450CA707F}.Debug|Any CPU.ActiveCfg = Debug|Any CPU
		{0863AACA-18D7-43D4-A655-5C0450CA707F}.Debug|Any CPU.Build.0 = Debug|Any CPU
		{0863AACA-18D7-43D4-A655-5C0450CA707F}.Release|Any CPU.ActiveCfg = Release|Any CPU
		{0863AACA-18D7-43D4-A655-5C0450CA707F}.Release|Any CPU.Build.0 = Release|Any CPU
		{C73A89BE-E693-47DC-9C6F-3934967DBB45}.Debug|Any CPU.ActiveCfg = Debug|Any CPU
		{C73A89BE-E693-47DC-9C6F-3934967DBB45}.Debug|Any CPU.Build.0 = Debug|Any CPU
		{C73A89BE-E693-47DC-9C6F-3934967DBB45}.Release|Any CPU.ActiveCfg = Release|Any CPU
		{C73A89BE-E693-47DC-9C6F-3934967DBB45}.Release|Any CPU.Build.0 = Release|Any CPU
		{DAF8A485-2171-4F37-BCB7-46E40F8B42BE}.Debug|Any CPU.ActiveCfg = Debug|Any CPU
		{DAF8A485-2171-4F37-BCB7-46E40F8B42BE}.Debug|Any CPU.Build.0 = Debug|Any CPU
		{DAF8A485-2171-4F37-BCB7-46E40F8B42BE}.Release|Any CPU.ActiveCfg = Release|Any CPU
		{DAF8A485-2171-4F37-BCB7-46E40F8B42BE}.Release|Any CPU.Build.0 = Release|Any CPU
		{77B6D0CB-E434-4182-A3BD-8B0F1018ABEF}.Debug|Any CPU.ActiveCfg = Debug|Any CPU
		{77B6D0CB-E434-4182-A3BD-8B0F1018ABEF}.Debug|Any CPU.Build.0 = Debug|Any CPU
		{77B6D0CB-E434-4182-A3BD-8B0F1018ABEF}.Release|Any CPU.ActiveCfg = Release|Any CPU
		{77B6D0CB-E434-4182-A3BD-8B0F1018ABEF}.Release|Any CPU.Build.0 = Release|Any CPU
		{0650F1E9-7D5E-4833-B163-EE972841AF50}.Debug|Any CPU.ActiveCfg = Debug|Any CPU
		{0650F1E9-7D5E-4833-B163-EE972841AF50}.Debug|Any CPU.Build.0 = Debug|Any CPU
		{0650F1E9-7D5E-4833-B163-EE972841AF50}.Release|Any CPU.ActiveCfg = Release|Any CPU
		{0650F1E9-7D5E-4833-B163-EE972841AF50}.Release|Any CPU.Build.0 = Release|Any CPU
		{A8EF16B9-B89C-47E3-84D9-606E1E1DE043}.Debug|Any CPU.ActiveCfg = Debug|Any CPU
		{A8EF16B9-B89C-47E3-84D9-606E1E1DE043}.Debug|Any CPU.Build.0 = Debug|Any CPU
		{A8EF16B9-B89C-47E3-84D9-606E1E1DE043}.Release|Any CPU.ActiveCfg = Release|Any CPU
		{A8EF16B9-B89C-47E3-84D9-606E1E1DE043}.Release|Any CPU.Build.0 = Release|Any CPU
		{BE707682-37F9-401A-9E92-578F290DFE63}.Debug|Any CPU.ActiveCfg = Debug|Any CPU
		{BE707682-37F9-401A-9E92-578F290DFE63}.Debug|Any CPU.Build.0 = Debug|Any CPU
		{BE707682-37F9-401A-9E92-578F290DFE63}.Release|Any CPU.ActiveCfg = Release|Any CPU
		{BE707682-37F9-401A-9E92-578F290DFE63}.Release|Any CPU.Build.0 = Release|Any CPU
		{6D79692A-6C2E-4E01-9709-5ABA214716B5}.Debug|Any CPU.ActiveCfg = Debug|Any CPU
		{6D79692A-6C2E-4E01-9709-5ABA214716B5}.Debug|Any CPU.Build.0 = Debug|Any CPU
		{6D79692A-6C2E-4E01-9709-5ABA214716B5}.Release|Any CPU.ActiveCfg = Release|Any CPU
		{6D79692A-6C2E-4E01-9709-5ABA214716B5}.Release|Any CPU.Build.0 = Release|Any CPU
	EndGlobalSection
	GlobalSection(SolutionProperties) = preSolution
		HideSolutionNode = FALSE
	EndGlobalSection
	GlobalSection(NestedProjects) = preSolution
		{59D04993-8F64-4F86-A4B3-DBA5C0DBAF76} = {B78B3272-13D6-4029-8FD9-7548FBC1827D}
		{AEAEC881-DC6C-436C-AFC2-A48B8DA17303} = {B78B3272-13D6-4029-8FD9-7548FBC1827D}
		{FDF534BC-3E7B-4C92-B065-02F25C3BC904} = {59D04993-8F64-4F86-A4B3-DBA5C0DBAF76}
		{206A6D59-9AA3-404A-98F5-346FBBC67068} = {59D04993-8F64-4F86-A4B3-DBA5C0DBAF76}
		{0863AACA-18D7-43D4-A655-5C0450CA707F} = {59D04993-8F64-4F86-A4B3-DBA5C0DBAF76}
		{C73A89BE-E693-47DC-9C6F-3934967DBB45} = {59D04993-8F64-4F86-A4B3-DBA5C0DBAF76}
		{DAF8A485-2171-4F37-BCB7-46E40F8B42BE} = {AEAEC881-DC6C-436C-AFC2-A48B8DA17303}
		{77B6D0CB-E434-4182-A3BD-8B0F1018ABEF} = {AEAEC881-DC6C-436C-AFC2-A48B8DA17303}
		{0650F1E9-7D5E-4833-B163-EE972841AF50} = {DE0DF6CF-6C37-4D34-8EF9-09A689F83B2B}
		{A8EF16B9-B89C-47E3-84D9-606E1E1DE043} = {DE0DF6CF-6C37-4D34-8EF9-09A689F83B2B}
		{BE707682-37F9-401A-9E92-578F290DFE63} = {DE0DF6CF-6C37-4D34-8EF9-09A689F83B2B}
		{6D79692A-6C2E-4E01-9709-5ABA214716B5} = {DE0DF6CF-6C37-4D34-8EF9-09A689F83B2B}
	EndGlobalSection
	GlobalSection(ExtensibilityGlobals) = postSolution
		SolutionGuid = {08AB55AB-D66F-4507-9A27-C91A00C2C83A}
	EndGlobalSection
EndGlobal
